
Microsoft Visual Studio Solution File, Format Version 12.00
# Visual Studio 15
Project("{FAE04EC0-301F-11D3-BF4B-00C04F79EFBC}") = "Assembly-CSharp", "Assembly-CSharp.csproj", "{0CE282DA-7380-A32D-4781-5823A88C18FC}"
EndProject
Project("{FAE04EC0-301F-11D3-BF4B-00C04F79EFBC}") = "Assembly-CSharp-Editor", "Assembly-CSharp-Editor.csproj", "{128A1A86-B470-3C83-665D-BC112CB9252A}"
EndProject
Global
	GlobalSection(SolutionConfigurationPlatforms) = preSolution
		Debug|Any CPU = Debug|Any CPU
		Release|Any CPU = Release|Any CPU
	EndGlobalSection
	GlobalSection(ProjectConfigurationPlatforms) = postSolution
		{0CE282DA-7380-A32D-4781-5823A88C18FC}.Debug|Any CPU.ActiveCfg = Debug|Any CPU
		{0CE282DA-7380-A32D-4781-5823A88C18FC}.Debug|Any CPU.Build.0 = Debug|Any CPU
		{0CE282DA-7380-A32D-4781-5823A88C18FC}.Release|Any CPU.ActiveCfg = Release|Any CPU
		{0CE282DA-7380-A32D-4781-5823A88C18FC}.Release|Any CPU.Build.0 = Release|Any CPU
		{128A1A86-B470-3C83-665D-BC112CB9252A}.Debug|Any CPU.ActiveCfg = Debug|Any CPU
		{128A1A86-B470-3C83-665D-BC112CB9252A}.Debug|Any CPU.Build.0 = Debug|Any CPU
		{128A1A86-B470-3C83-665D-BC112CB9252A}.Release|Any CPU.ActiveCfg = Release|Any CPU
		{128A1A86-B470-3C83-665D-BC112CB9252A}.Release|Any CPU.Build.0 = Release|Any CPU
	EndGlobalSection
	GlobalSection(SolutionProperties) = preSolution
		HideSolutionNode = FALSE
	EndGlobalSection
EndGlobal
