
Microsoft Visual Studio Solution File, Format Version 12.00
# Visual Studio 15
Project("{FAE04EC0-301F-11D3-BF4B-00C04F79EFBC}") = "Assembly-CSharp", "Assembly-CSharp.csproj", "{EC160C4F-4BC1-8762-0632-7D6E6DDEABF9}"
EndProject
Project("{FAE04EC0-301F-11D3-BF4B-00C04F79EFBC}") = "AmplifyShaderEditor", "AmplifyShaderEditor.csproj", "{FC1DA729-8D50-52F1-9153-E7DDA0DB8412}"
EndProject
Global
	GlobalSection(SolutionConfigurationPlatforms) = preSolution
		Debug|Any CPU = Debug|Any CPU
		Release|Any CPU = Release|Any CPU
	EndGlobalSection
	GlobalSection(ProjectConfigurationPlatforms) = postSolution
		{EC160C4F-4BC1-8762-0632-7D6E6DDEABF9}.Debug|Any CPU.ActiveCfg = Debug|Any CPU
		{EC160C4F-4BC1-8762-0632-7D6E6DDEABF9}.Debug|Any CPU.Build.0 = Debug|Any CPU
		{EC160C4F-4BC1-8762-0632-7D6E6DDEABF9}.Release|Any CPU.ActiveCfg = Release|Any CPU
		{EC160C4F-4BC1-8762-0632-7D6E6DDEABF9}.Release|Any CPU.Build.0 = Release|Any CPU
		{FC1DA729-8D50-52F1-9153-E7DDA0DB8412}.Debug|Any CPU.ActiveCfg = Debug|Any CPU
		{FC1DA729-8D50-52F1-9153-E7DDA0DB8412}.Debug|Any CPU.Build.0 = Debug|Any CPU
		{FC1DA729-8D50-52F1-9153-E7DDA0DB8412}.Release|Any CPU.ActiveCfg = Release|Any CPU
		{FC1DA729-8D50-52F1-9153-E7DDA0DB8412}.Release|Any CPU.Build.0 = Release|Any CPU
	EndGlobalSection
	GlobalSection(SolutionProperties) = preSolution
		HideSolutionNode = FALSE
	EndGlobalSection
EndGlobal
